
Microsoft Visual Studio Solution File, Format Version 12.00
# Visual Studio 15
VisualStudioVersion = 15.0.26430.15
MinimumVisualStudioVersion = 10.0.40219.1
Project("{FAE04EC0-301F-11D3-BF4B-00C04F79EFBC}") = "RampupPI.Bank.Model", "RampupPI.Bank.Model\RampupPI.Bank.Model.csproj", "{745316AB-C7CF-4087-9C83-F43BBC1824EE}"
EndProject
Project("{FAE04EC0-301F-11D3-BF4B-00C04F79EFBC}") = "RampupPI.Bank.UI", "RampupPI.Bank.UI\RampupPI.Bank.UI.csproj", "{3D1D822F-2467-4025-9E48-A227CE512C11}"
EndProject
Global
	GlobalSection(SolutionConfigurationPlatforms) = preSolution
		Debug|Any CPU = Debug|Any CPU
		Release|Any CPU = Release|Any CPU
	EndGlobalSection
	GlobalSection(ProjectConfigurationPlatforms) = postSolution
		{745316AB-C7CF-4087-9C83-F43BBC1824EE}.Debug|Any CPU.ActiveCfg = Debug|Any CPU
		{745316AB-C7CF-4087-9C83-F43BBC1824EE}.Debug|Any CPU.Build.0 = Debug|Any CPU
		{745316AB-C7CF-4087-9C83-F43BBC1824EE}.Release|Any CPU.ActiveCfg = Release|Any CPU
		{745316AB-C7CF-4087-9C83-F43BBC1824EE}.Release|Any CPU.Build.0 = Release|Any CPU
		{3D1D822F-2467-4025-9E48-A227CE512C11}.Debug|Any CPU.ActiveCfg = Debug|Any CPU
		{3D1D822F-2467-4025-9E48-A227CE512C11}.Debug|Any CPU.Build.0 = Debug|Any CPU
		{3D1D822F-2467-4025-9E48-A227CE512C11}.Release|Any CPU.ActiveCfg = Release|Any CPU
		{3D1D822F-2467-4025-9E48-A227CE512C11}.Release|Any CPU.Build.0 = Release|Any CPU
	EndGlobalSection
	GlobalSection(SolutionProperties) = preSolution
		HideSolutionNode = FALSE
	EndGlobalSection
EndGlobal
